// !$*UTF8*$!
{
	archiveVersion = 1;
	classes = {
	};
	objectVersion = 46;
	objects = {

/* Begin PBXBuildFile section */
		8FA3C445195B3F5100E3B709 /* Foundation.framework in Frameworks */ = {isa = PBXBuildFile; fileRef = 8FA3C444195B3F5100E3B709 /* Foundation.framework */; };
		8FA3C44A195B3F5100E3B709 /* AnotherKit.h in CopyFiles */ = {isa = PBXBuildFile; fileRef = 8FA3C449195B3F5100E3B709 /* AnotherKit.h */; };
		8FA3C44C195B3F5100E3B709 /* AnotherKit.m in Sources */ = {isa = PBXBuildFile; fileRef = 8FA3C44B195B3F5100E3B709 /* AnotherKit.m */; };
		8FA3C453195B3F5100E3B709 /* XCTest.framework in Frameworks */ = {isa = PBXBuildFile; fileRef = 8FA3C452195B3F5100E3B709 /* XCTest.framework */; };
		8FA3C454195B3F5100E3B709 /* Foundation.framework in Frameworks */ = {isa = PBXBuildFile; fileRef = 8FA3C444195B3F5100E3B709 /* Foundation.framework */; };
		8FA3C456195B3F5100E3B709 /* UIKit.framework in Frameworks */ = {isa = PBXBuildFile; fileRef = 8FA3C455195B3F5100E3B709 /* UIKit.framework */; };
		8FA3C459195B3F5100E3B709 /* libAnotherKit.a in Frameworks */ = {isa = PBXBuildFile; fileRef = 8FA3C441195B3F5100E3B709 /* libAnotherKit.a */; };
		8FA3C45F195B3F5100E3B709 /* InfoPlist.strings in Resources */ = {isa = PBXBuildFile; fileRef = 8FA3C45D195B3F5100E3B709 /* InfoPlist.strings */; };
		8FA3C461195B3F5100E3B709 /* AnotherKitTests.m in Sources */ = {isa = PBXBuildFile; fileRef = 8FA3C460195B3F5100E3B709 /* AnotherKitTests.m */; };
/* End PBXBuildFile section */

/* Begin PBXContainerItemProxy section */
		8FA3C457195B3F5100E3B709 /* PBXContainerItemProxy */ = {
			isa = PBXContainerItemProxy;
			containerPortal = 8FA3C439195B3F5100E3B709 /* Project object */;
			proxyType = 1;
			remoteGlobalIDString = 8FA3C440195B3F5100E3B709;
			remoteInfo = AnotherKit;
		};
/* End PBXContainerItemProxy section */

/* Begin PBXCopyFilesBuildPhase section */
		8FA3C43F195B3F5100E3B709 /* CopyFiles */ = {
			isa = PBXCopyFilesBuildPhase;
			buildActionMask = 2147483647;
			dstPath = "include/$(PRODUCT_NAME)";
			dstSubfolderSpec = 16;
			files = (
				8FA3C44A195B3F5100E3B709 /* AnotherKit.h in CopyFiles */,
			);
			runOnlyForDeploymentPostprocessing = 0;
		};
/* End PBXCopyFilesBuildPhase section */

/* Begin PBXFileReference section */
		8FA3C441195B3F5100E3B709 /* libAnotherKit.a */ = {isa = PBXFileReference; explicitFileType = archive.ar; includeInIndex = 0; path = libAnotherKit.a; sourceTree = BUILT_PRODUCTS_DIR; };
		8FA3C444195B3F5100E3B709 /* Foundation.framework */ = {isa = PBXFileReference; lastKnownFileType = wrapper.framework; name = Foundation.framework; path = System/Library/Frameworks/Foundation.framework; sourceTree = SDKROOT; };
		8FA3C448195B3F5100E3B709 /* AnotherKit-Prefix.pch */ = {isa = PBXFileReference; lastKnownFileType = sourcecode.c.h; path = "AnotherKit-Prefix.pch"; sourceTree = "<group>"; };
		8FA3C449195B3F5100E3B709 /* AnotherKit.h */ = {isa = PBXFileReference; lastKnownFileType = sourcecode.c.h; path = AnotherKit.h; sourceTree = "<group>"; };
		8FA3C44B195B3F5100E3B709 /* AnotherKit.m */ = {isa = PBXFileReference; lastKnownFileType = sourcecode.c.objc; path = AnotherKit.m; sourceTree = "<group>"; };
		8FA3C451195B3F5100E3B709 /* AnotherKitTests.xctest */ = {isa = PBXFileReference; explicitFileType = wrapper.cfbundle; includeInIndex = 0; path = AnotherKitTests.xctest; sourceTree = BUILT_PRODUCTS_DIR; };
		8FA3C452195B3F5100E3B709 /* XCTest.framework */ = {isa = PBXFileReference; lastKnownFileType = wrapper.framework; name = XCTest.framework; path = Library/Frameworks/XCTest.framework; sourceTree = DEVELOPER_DIR; };
		8FA3C455195B3F5100E3B709 /* UIKit.framework */ = {isa = PBXFileReference; lastKnownFileType = wrapper.framework; name = UIKit.framework; path = Library/Frameworks/UIKit.framework; sourceTree = DEVELOPER_DIR; };
		8FA3C45C195B3F5100E3B709 /* AnotherKitTests-Info.plist */ = {isa = PBXFileReference; lastKnownFileType = text.plist.xml; path = "AnotherKitTests-Info.plist"; sourceTree = "<group>"; };
		8FA3C45E195B3F5100E3B709 /* en */ = {isa = PBXFileReference; lastKnownFileType = text.plist.strings; name = en; path = en.lproj/InfoPlist.strings; sourceTree = "<group>"; };
		8FA3C460195B3F5100E3B709 /* AnotherKitTests.m */ = {isa = PBXFileReference; lastKnownFileType = sourcecode.c.objc; path = AnotherKitTests.m; sourceTree = "<group>"; };
/* End PBXFileReference section */

/* Begin PBXFrameworksBuildPhase section */
		8FA3C43E195B3F5100E3B709 /* Frameworks */ = {
			isa = PBXFrameworksBuildPhase;
			buildActionMask = 2147483647;
			files = (
				8FA3C445195B3F5100E3B709 /* Foundation.framework in Frameworks */,
			);
			runOnlyForDeploymentPostprocessing = 0;
		};
		8FA3C44E195B3F5100E3B709 /* Frameworks */ = {
			isa = PBXFrameworksBuildPhase;
			buildActionMask = 2147483647;
			files = (
				8FA3C453195B3F5100E3B709 /* XCTest.framework in Frameworks */,
				8FA3C456195B3F5100E3B709 /* UIKit.framework in Frameworks */,
				8FA3C459195B3F5100E3B709 /* libAnotherKit.a in Frameworks */,
				8FA3C454195B3F5100E3B709 /* Foundation.framework in Frameworks */,
			);
			runOnlyForDeploymentPostprocessing = 0;
		};
/* End PBXFrameworksBuildPhase section */

/* Begin PBXGroup section */
		8FA3C438195B3F5100E3B709 = {
			isa = PBXGroup;
			children = (
				8FA3C446195B3F5100E3B709 /* AnotherKit */,
				8FA3C45A195B3F5100E3B709 /* AnotherKitTests */,
				8FA3C443195B3F5100E3B709 /* Frameworks */,
				8FA3C442195B3F5100E3B709 /* Products */,
			);
			sourceTree = "<group>";
		};
		8FA3C442195B3F5100E3B709 /* Products */ = {
			isa = PBXGroup;
			children = (
				8FA3C441195B3F5100E3B709 /* libAnotherKit.a */,
				8FA3C451195B3F5100E3B709 /* AnotherKitTests.xctest */,
			);
			name = Products;
			sourceTree = "<group>";
		};
		8FA3C443195B3F5100E3B709 /* Frameworks */ = {
			isa = PBXGroup;
			children = (
				8FA3C444195B3F5100E3B709 /* Foundation.framework */,
				8FA3C452195B3F5100E3B709 /* XCTest.framework */,
				8FA3C455195B3F5100E3B709 /* UIKit.framework */,
			);
			name = Frameworks;
			sourceTree = "<group>";
		};
		8FA3C446195B3F5100E3B709 /* AnotherKit */ = {
			isa = PBXGroup;
			children = (
				8FA3C449195B3F5100E3B709 /* AnotherKit.h */,
				8FA3C44B195B3F5100E3B709 /* AnotherKit.m */,
				8FA3C447195B3F5100E3B709 /* Supporting Files */,
			);
			path = AnotherKit;
			sourceTree = "<group>";
		};
		8FA3C447195B3F5100E3B709 /* Supporting Files */ = {
			isa = PBXGroup;
			children = (
				8FA3C448195B3F5100E3B709 /* AnotherKit-Prefix.pch */,
			);
			name = "Supporting Files";
			sourceTree = "<group>";
		};
		8FA3C45A195B3F5100E3B709 /* AnotherKitTests */ = {
			isa = PBXGroup;
			children = (
				8FA3C460195B3F5100E3B709 /* AnotherKitTests.m */,
				8FA3C45B195B3F5100E3B709 /* Supporting Files */,
			);
			path = AnotherKitTests;
			sourceTree = "<group>";
		};
		8FA3C45B195B3F5100E3B709 /* Supporting Files */ = {
			isa = PBXGroup;
			children = (
				8FA3C45C195B3F5100E3B709 /* AnotherKitTests-Info.plist */,
				8FA3C45D195B3F5100E3B709 /* InfoPlist.strings */,
			);
			name = "Supporting Files";
			sourceTree = "<group>";
		};
/* End PBXGroup section */

/* Begin PBXNativeTarget section */
		8FA3C440195B3F5100E3B709 /* AnotherKit */ = {
			isa = PBXNativeTarget;
			buildConfigurationList = 8FA3C464195B3F5100E3B709 /* Build configuration list for PBXNativeTarget "AnotherKit" */;
			buildPhases = (
				8FA3C43D195B3F5100E3B709 /* Sources */,
				8FA3C43E195B3F5100E3B709 /* Frameworks */,
				8FA3C43F195B3F5100E3B709 /* CopyFiles */,
			);
			buildRules = (
			);
			dependencies = (
			);
			name = AnotherKit;
			productName = AnotherKit;
			productReference = 8FA3C441195B3F5100E3B709 /* libAnotherKit.a */;
			productType = "com.apple.product-type.library.static";
		};
		8FA3C450195B3F5100E3B709 /* AnotherKitTests */ = {
			isa = PBXNativeTarget;
			buildConfigurationList = 8FA3C467195B3F5100E3B709 /* Build configuration list for PBXNativeTarget "AnotherKitTests" */;
			buildPhases = (
				8FA3C44D195B3F5100E3B709 /* Sources */,
				8FA3C44E195B3F5100E3B709 /* Frameworks */,
				8FA3C44F195B3F5100E3B709 /* Resources */,
			);
			buildRules = (
			);
			dependencies = (
				8FA3C458195B3F5100E3B709 /* PBXTargetDependency */,
			);
			name = AnotherKitTests;
			productName = AnotherKitTests;
			productReference = 8FA3C451195B3F5100E3B709 /* AnotherKitTests.xctest */;
			productType = "com.apple.product-type.bundle.unit-test";
		};
/* End PBXNativeTarget section */

/* Begin PBXProject section */
		8FA3C439195B3F5100E3B709 /* Project object */ = {
			isa = PBXProject;
			attributes = {
				LastUpgradeCheck = 0510;
				ORGANIZATIONNAME = "___FULLUSERNAME___";
			};
			buildConfigurationList = 8FA3C43C195B3F5100E3B709 /* Build configuration list for PBXProject "AnotherKit" */;
			compatibilityVersion = "Xcode 3.2";
			developmentRegion = English;
			hasScannedForEncodings = 0;
			knownRegions = (
				en,
			);
			mainGroup = 8FA3C438195B3F5100E3B709;
			productRefGroup = 8FA3C442195B3F5100E3B709 /* Products */;
			projectDirPath = "";
			projectRoot = "";
			targets = (
				8FA3C440195B3F5100E3B709 /* AnotherKit */,
				8FA3C450195B3F5100E3B709 /* AnotherKitTests */,
			);
		};
/* End PBXProject section */

/* Begin PBXResourcesBuildPhase section */
		8FA3C44F195B3F5100E3B709 /* Resources */ = {
			isa = PBXResourcesBuildPhase;
			buildActionMask = 2147483647;
			files = (
				8FA3C45F195B3F5100E3B709 /* InfoPlist.strings in Resources */,
			);
			runOnlyForDeploymentPostprocessing = 0;
		};
/* End PBXResourcesBuildPhase section */

/* Begin PBXSourcesBuildPhase section */
		8FA3C43D195B3F5100E3B709 /* Sources */ = {
			isa = PBXSourcesBuildPhase;
			buildActionMask = 2147483647;
			files = (
				8FA3C44C195B3F5100E3B709 /* AnotherKit.m in Sources */,
			);
			runOnlyForDeploymentPostprocessing = 0;
		};
		8FA3C44D195B3F5100E3B709 /* Sources */ = {
			isa = PBXSourcesBuildPhase;
			buildActionMask = 2147483647;
			files = (
				8FA3C461195B3F5100E3B709 /* AnotherKitTests.m in Sources */,
			);
			runOnlyForDeploymentPostprocessing = 0;
		};
/* End PBXSourcesBuildPhase section */

/* Begin PBXTargetDependency section */
		8FA3C458195B3F5100E3B709 /* PBXTargetDependency */ = {
			isa = PBXTargetDependency;
			target = 8FA3C440195B3F5100E3B709 /* AnotherKit */;
			targetProxy = 8FA3C457195B3F5100E3B709 /* PBXContainerItemProxy */;
		};
/* End PBXTargetDependency section */

/* Begin PBXVariantGroup section */
		8FA3C45D195B3F5100E3B709 /* InfoPlist.strings */ = {
			isa = PBXVariantGroup;
			children = (
				8FA3C45E195B3F5100E3B709 /* en */,
			);
			name = InfoPlist.strings;
			sourceTree = "<group>";
		};
/* End PBXVariantGroup section */

/* Begin XCBuildConfiguration section */
		8FA3C462195B3F5100E3B709 /* Debug */ = {
			isa = XCBuildConfiguration;
			buildSettings = {
				ALWAYS_SEARCH_USER_PATHS = NO;
				CLANG_CXX_LANGUAGE_STANDARD = "gnu++0x";
				CLANG_CXX_LIBRARY = "libc++";
				CLANG_ENABLE_MODULES = YES;
				CLANG_ENABLE_OBJC_ARC = YES;
				CLANG_WARN_BOOL_CONVERSION = YES;
				CLANG_WARN_CONSTANT_CONVERSION = YES;
				CLANG_WARN_DIRECT_OBJC_ISA_USAGE = YES_ERROR;
				CLANG_WARN_EMPTY_BODY = YES;
				CLANG_WARN_ENUM_CONVERSION = YES;
				CLANG_WARN_INT_CONVERSION = YES;
				CLANG_WARN_OBJC_ROOT_CLASS = YES_ERROR;
				CLANG_WARN__DUPLICATE_METHOD_MATCH = YES;
				COPY_PHASE_STRIP = NO;
				GCC_C_LANGUAGE_STANDARD = gnu99;
				GCC_DYNAMIC_NO_PIC = NO;
				GCC_OPTIMIZATION_LEVEL = 0;
				GCC_PREPROCESSOR_DEFINITIONS = (
					"DEBUG=1",
					"$(inherited)",
				);
				GCC_SYMBOLS_PRIVATE_EXTERN = NO;
				GCC_WARN_64_TO_32_BIT_CONVERSION = YES;
				GCC_WARN_ABOUT_RETURN_TYPE = YES_ERROR;
				GCC_WARN_UNDECLARED_SELECTOR = YES;
				GCC_WARN_UNINITIALIZED_AUTOS = YES_AGGRESSIVE;
				GCC_WARN_UNUSED_FUNCTION = YES;
				GCC_WARN_UNUSED_VARIABLE = YES;
				IPHONEOS_DEPLOYMENT_TARGET = 7.1;
				ONLY_ACTIVE_ARCH = YES;
				SDKROOT = iphoneos;
			};
			name = Debug;
		};
		8FA3C463195B3F5100E3B709 /* Release */ = {
			isa = XCBuildConfiguration;
			buildSettings = {
				ALWAYS_SEARCH_USER_PATHS = NO;
				CLANG_CXX_LANGUAGE_STANDARD = "gnu++0x";
				CLANG_CXX_LIBRARY = "libc++";
				CLANG_ENABLE_MODULES = YES;
				CLANG_ENABLE_OBJC_ARC = YES;
				CLANG_WARN_BOOL_CONVERSION = YES;
				CLANG_WARN_CONSTANT_CONVERSION = YES;
				CLANG_WARN_DIRECT_OBJC_ISA_USAGE = YES_ERROR;
				CLANG_WARN_EMPTY_BODY = YES;
				CLANG_WARN_ENUM_CONVERSION = YES;
				CLANG_WARN_INT_CONVERSION = YES;
				CLANG_WARN_OBJC_ROOT_CLASS = YES_ERROR;
				CLANG_WARN__DUPLICATE_METHOD_MATCH = YES;
				COPY_PHASE_STRIP = YES;
				ENABLE_NS_ASSERTIONS = NO;
				GCC_C_LANGUAGE_STANDARD = gnu99;
				GCC_WARN_64_TO_32_BIT_CONVERSION = YES;
				GCC_WARN_ABOUT_RETURN_TYPE = YES_ERROR;
				GCC_WARN_UNDECLARED_SELECTOR = YES;
				GCC_WARN_UNINITIALIZED_AUTOS = YES_AGGRESSIVE;
				GCC_WARN_UNUSED_FUNCTION = YES;
				GCC_WARN_UNUSED_VARIABLE = YES;
				IPHONEOS_DEPLOYMENT_TARGET = 7.1;
				SDKROOT = iphoneos;
				VALIDATE_PRODUCT = YES;
			};
			name = Release;
		};
		8FA3C465195B3F5100E3B709 /* Debug */ = {
			isa = XCBuildConfiguration;
			buildSettings = {
				DSTROOT = /tmp/AnotherKit.dst;
				GCC_PRECOMPILE_PREFIX_HEADER = YES;
				GCC_PREFIX_HEADER = "AnotherKit/AnotherKit-Prefix.pch";
				OTHER_LDFLAGS = "-ObjC";
				PRODUCT_NAME = "$(TARGET_NAME)";
				SKIP_INSTALL = YES;
			};
			name = Debug;
		};
		8FA3C466195B3F5100E3B709 /* Release */ = {
			isa = XCBuildConfiguration;
			buildSettings = {
				DSTROOT = /tmp/AnotherKit.dst;
				GCC_PRECOMPILE_PREFIX_HEADER = YES;
				GCC_PREFIX_HEADER = "AnotherKit/AnotherKit-Prefix.pch";
				OTHER_LDFLAGS = "-ObjC";
				PRODUCT_NAME = "$(TARGET_NAME)";
				SKIP_INSTALL = YES;
			};
			name = Release;
		};
		8FA3C468195B3F5100E3B709 /* Debug */ = {
			isa = XCBuildConfiguration;
			buildSettings = {
				FRAMEWORK_SEARCH_PATHS = (
					"$(SDKROOT)/Developer/Library/Frameworks",
					"$(inherited)",
					"$(DEVELOPER_FRAMEWORKS_DIR)",
				);
				GCC_PRECOMPILE_PREFIX_HEADER = YES;
				GCC_PREFIX_HEADER = "AnotherKit/AnotherKit-Prefix.pch";
				GCC_PREPROCESSOR_DEFINITIONS = (
					"DEBUG=1",
					"$(inherited)",
				);
				INFOPLIST_FILE = "AnotherKitTests/AnotherKitTests-Info.plist";
				PRODUCT_NAME = "$(TARGET_NAME)";
				WRAPPER_EXTENSION = xctest;
			};
			name = Debug;
		};
		8FA3C469195B3F5100E3B709 /* Release */ = {
			isa = XCBuildConfiguration;
			buildSettings = {
				FRAMEWORK_SEARCH_PATHS = (
					"$(SDKROOT)/Developer/Library/Frameworks",
					"$(inherited)",
					"$(DEVELOPER_FRAMEWORKS_DIR)",
				);
				GCC_PRECOMPILE_PREFIX_HEADER = YES;
				GCC_PREFIX_HEADER = "AnotherKit/AnotherKit-Prefix.pch";
				INFOPLIST_FILE = "AnotherKitTests/AnotherKitTests-Info.plist";
				PRODUCT_NAME = "$(TARGET_NAME)";
				WRAPPER_EXTENSION = xctest;
			};
			name = Release;
		};
/* End XCBuildConfiguration section */

/* Begin XCConfigurationList section */
		8FA3C43C195B3F5100E3B709 /* Build configuration list for PBXProject "AnotherKit" */ = {
			isa = XCConfigurationList;
			buildConfigurations = (
				8FA3C462195B3F5100E3B709 /* Debug */,
				8FA3C463195B3F5100E3B709 /* Release */,
			);
			defaultConfigurationIsVisible = 0;
			defaultConfigurationName = Release;
		};
		8FA3C464195B3F5100E3B709 /* Build configuration list for PBXNativeTarget "AnotherKit" */ = {
			isa = XCConfigurationList;
			buildConfigurations = (
				8FA3C465195B3F5100E3B709 /* Debug */,
				8FA3C466195B3F5100E3B709 /* Release */,
			);
			defaultConfigurationIsVisible = 0;
			defaultConfigurationName = Release;
		};
		8FA3C467195B3F5100E3B709 /* Build configuration list for PBXNativeTarget "AnotherKitTests" */ = {
			isa = XCConfigurationList;
			buildConfigurations = (
				8FA3C468195B3F5100E3B709 /* Debug */,
				8FA3C469195B3F5100E3B709 /* Release */,
			);
			defaultConfigurationIsVisible = 0;
			defaultConfigurationName = Release;
		};
/* End XCConfigurationList section */
	};
	rootObject = 8FA3C439195B3F5100E3B709 /* Project object */;
}
